
Microsoft Visual Studio Solution File, Format Version 12.00
# Visual Studio Version 16
VisualStudioVersion = 25.0.1705.4
MinimumVisualStudioVersion = 10.0.40219.1
Project("{FAE04EC0-301F-11D3-BF4B-00C04F79EFBC}") = "project1", "project1\project1.csproj", "{06081BEB-02EB-404E-BCAA-D8BB905F4A53}"
EndProject
Global
	GlobalSection(SolutionConfigurationPlatforms) = preSolution
		Debug|Any CPU = Debug|Any CPU
		Release|Any CPU = Release|Any CPU
	EndGlobalSection
	GlobalSection(ProjectConfigurationPlatforms) = postSolution
		{06081BEB-02EB-404E-BCAA-D8BB905F4A53}.Debug|Any CPU.ActiveCfg = Debug|Any CPU
		{06081BEB-02EB-404E-BCAA-D8BB905F4A53}.Debug|Any CPU.Build.0 = Debug|Any CPU
		{06081BEB-02EB-404E-BCAA-D8BB905F4A53}.Release|Any CPU.ActiveCfg = Release|Any CPU
		{06081BEB-02EB-404E-BCAA-D8BB905F4A53}.Release|Any CPU.Build.0 = Release|Any CPU
	EndGlobalSection
	GlobalSection(SolutionProperties) = preSolution
		HideSolutionNode = FALSE
	EndGlobalSection
	GlobalSection(ExtensibilityGlobals) = postSolution
		SolutionGuid = {891A8A9C-591B-47E6-B7CC-E4154C074579}
	EndGlobalSection
EndGlobal
