
Microsoft Visual Studio Solution File, Format Version 12.00
# Visual Studio Version 16
VisualStudioVersion = 25.0.1705.4
MinimumVisualStudioVersion = 10.0.40219.1
Project("{FAE04EC0-301F-11D3-BF4B-00C04F79EFBC}") = "project9", "project9\project9.csproj", "{B719FAB1-78D8-43A2-9264-F621C4514455}"
EndProject
Global
	GlobalSection(SolutionConfigurationPlatforms) = preSolution
		Debug|Any CPU = Debug|Any CPU
		Release|Any CPU = Release|Any CPU
	EndGlobalSection
	GlobalSection(ProjectConfigurationPlatforms) = postSolution
		{B719FAB1-78D8-43A2-9264-F621C4514455}.Debug|Any CPU.ActiveCfg = Debug|Any CPU
		{B719FAB1-78D8-43A2-9264-F621C4514455}.Debug|Any CPU.Build.0 = Debug|Any CPU
		{B719FAB1-78D8-43A2-9264-F621C4514455}.Release|Any CPU.ActiveCfg = Release|Any CPU
		{B719FAB1-78D8-43A2-9264-F621C4514455}.Release|Any CPU.Build.0 = Release|Any CPU
	EndGlobalSection
	GlobalSection(SolutionProperties) = preSolution
		HideSolutionNode = FALSE
	EndGlobalSection
	GlobalSection(ExtensibilityGlobals) = postSolution
		SolutionGuid = {CE98275B-7BC5-47C5-929F-2A47467FA8CE}
	EndGlobalSection
EndGlobal
