
Microsoft Visual Studio Solution File, Format Version 12.00
# Visual Studio Version 16
VisualStudioVersion = 25.0.1705.4
MinimumVisualStudioVersion = 10.0.40219.1
Project("{FAE04EC0-301F-11D3-BF4B-00C04F79EFBC}") = "project8", "project8\project8.csproj", "{475628B4-6BB2-4187-B4F9-780A6BF66C72}"
EndProject
Global
	GlobalSection(SolutionConfigurationPlatforms) = preSolution
		Debug|Any CPU = Debug|Any CPU
		Release|Any CPU = Release|Any CPU
	EndGlobalSection
	GlobalSection(ProjectConfigurationPlatforms) = postSolution
		{475628B4-6BB2-4187-B4F9-780A6BF66C72}.Debug|Any CPU.ActiveCfg = Debug|Any CPU
		{475628B4-6BB2-4187-B4F9-780A6BF66C72}.Debug|Any CPU.Build.0 = Debug|Any CPU
		{475628B4-6BB2-4187-B4F9-780A6BF66C72}.Release|Any CPU.ActiveCfg = Release|Any CPU
		{475628B4-6BB2-4187-B4F9-780A6BF66C72}.Release|Any CPU.Build.0 = Release|Any CPU
	EndGlobalSection
	GlobalSection(SolutionProperties) = preSolution
		HideSolutionNode = FALSE
	EndGlobalSection
	GlobalSection(ExtensibilityGlobals) = postSolution
		SolutionGuid = {A105C3ED-C774-4F0E-B7B1-AD1C9282DDB8}
	EndGlobalSection
EndGlobal
