
Microsoft Visual Studio Solution File, Format Version 12.00
# Visual Studio Version 16
VisualStudioVersion = 25.0.1705.4
MinimumVisualStudioVersion = 10.0.40219.1
Project("{FAE04EC0-301F-11D3-BF4B-00C04F79EFBC}") = "project", "project\project.csproj", "{F0CE6593-115B-4A4E-91F7-265F7BED0AEF}"
EndProject
Project("{2150E333-8FDC-42A3-9474-1A3956D46DE8}") = "Solution Items", "Solution Items", "{FD47D49F-49E2-4DA1-A264-0A51792DFF40}"
	ProjectSection(SolutionItems) = preProject
		.editorconfig = .editorconfig
	EndProjectSection
EndProject
Global
	GlobalSection(SolutionConfigurationPlatforms) = preSolution
		Debug|Any CPU = Debug|Any CPU
		Release|Any CPU = Release|Any CPU
	EndGlobalSection
	GlobalSection(ProjectConfigurationPlatforms) = postSolution
		{F0CE6593-115B-4A4E-91F7-265F7BED0AEF}.Debug|Any CPU.ActiveCfg = Debug|Any CPU
		{F0CE6593-115B-4A4E-91F7-265F7BED0AEF}.Debug|Any CPU.Build.0 = Debug|Any CPU
		{F0CE6593-115B-4A4E-91F7-265F7BED0AEF}.Release|Any CPU.ActiveCfg = Release|Any CPU
		{F0CE6593-115B-4A4E-91F7-265F7BED0AEF}.Release|Any CPU.Build.0 = Release|Any CPU
	EndGlobalSection
	GlobalSection(SolutionProperties) = preSolution
		HideSolutionNode = FALSE
	EndGlobalSection
	GlobalSection(ExtensibilityGlobals) = postSolution
		SolutionGuid = {ACD7C79B-4CA7-4AA4-BA5F-8010FBF6405F}
	EndGlobalSection
EndGlobal
