
Microsoft Visual Studio Solution File, Format Version 12.00
# Visual Studio Version 16
VisualStudioVersion = 25.0.1705.4
MinimumVisualStudioVersion = 10.0.40219.1
Project("{FAE04EC0-301F-11D3-BF4B-00C04F79EFBC}") = "project4", "project4\project4.csproj", "{D7EA7205-5CDA-46D8-8271-DF20F43DF29E}"
EndProject
Global
	GlobalSection(SolutionConfigurationPlatforms) = preSolution
		Debug|Any CPU = Debug|Any CPU
		Release|Any CPU = Release|Any CPU
	EndGlobalSection
	GlobalSection(ProjectConfigurationPlatforms) = postSolution
		{D7EA7205-5CDA-46D8-8271-DF20F43DF29E}.Debug|Any CPU.ActiveCfg = Debug|Any CPU
		{D7EA7205-5CDA-46D8-8271-DF20F43DF29E}.Debug|Any CPU.Build.0 = Debug|Any CPU
		{D7EA7205-5CDA-46D8-8271-DF20F43DF29E}.Release|Any CPU.ActiveCfg = Release|Any CPU
		{D7EA7205-5CDA-46D8-8271-DF20F43DF29E}.Release|Any CPU.Build.0 = Release|Any CPU
	EndGlobalSection
	GlobalSection(SolutionProperties) = preSolution
		HideSolutionNode = FALSE
	EndGlobalSection
	GlobalSection(ExtensibilityGlobals) = postSolution
		SolutionGuid = {E0C04EAA-F426-4309-BEB6-39AEFA5A1D74}
	EndGlobalSection
EndGlobal
